
Microsoft Visual Studio Solution File, Format Version 12.00
# Visual Studio 15
VisualStudioVersion = 15.0.27130.2010
MinimumVisualStudioVersion = 10.0.40219.1
Project("{FAE04EC0-301F-11D3-BF4B-00C04F79EFBC}") = "1", "1\1.csproj", "{135C8800-756B-42A1-852C-9D5C7271EC70}"
EndProject
Global
	GlobalSection(SolutionConfigurationPlatforms) = preSolution
		Debug|Any CPU = Debug|Any CPU
		Release|Any CPU = Release|Any CPU
	EndGlobalSection
	GlobalSection(ProjectConfigurationPlatforms) = postSolution
		{135C8800-756B-42A1-852C-9D5C7271EC70}.Debug|Any CPU.ActiveCfg = Debug|Any CPU
		{135C8800-756B-42A1-852C-9D5C7271EC70}.Debug|Any CPU.Build.0 = Debug|Any CPU
		{135C8800-756B-42A1-852C-9D5C7271EC70}.Release|Any CPU.ActiveCfg = Release|Any CPU
		{135C8800-756B-42A1-852C-9D5C7271EC70}.Release|Any CPU.Build.0 = Release|Any CPU
	EndGlobalSection
	GlobalSection(SolutionProperties) = preSolution
		HideSolutionNode = FALSE
	EndGlobalSection
	GlobalSection(ExtensibilityGlobals) = postSolution
		SolutionGuid = {508474FA-AB63-43CB-A9A6-6462F906D1E2}
	EndGlobalSection
EndGlobal
